
Microsoft Visual Studio Solution File, Format Version 12.00
# Visual Studio 15
VisualStudioVersion = 15.0.27004.2006
MinimumVisualStudioVersion = 10.0.40219.1
Project("{FAE04EC0-301F-11D3-BF4B-00C04F79EFBC}") = "TddCalculator", "TddCalculator\TddCalculator.csproj", "{FA75B64F-39BE-4317-BC41-D884509AD7D6}"
EndProject
Project("{FAE04EC0-301F-11D3-BF4B-00C04F79EFBC}") = "Calc", "Calc\Calc.csproj", "{9974F37A-48B2-4B2E-80D2-8A731C6CD413}"
EndProject
Project("{FAE04EC0-301F-11D3-BF4B-00C04F79EFBC}") = "CalcTests", "CalcTests\CalcTests.csproj", "{529401F8-7323-4743-84E7-53FDDEC65B41}"
EndProject
Global
	GlobalSection(SolutionConfigurationPlatforms) = preSolution
		Debug|Any CPU = Debug|Any CPU
		Release|Any CPU = Release|Any CPU
	EndGlobalSection
	GlobalSection(ProjectConfigurationPlatforms) = postSolution
		{FA75B64F-39BE-4317-BC41-D884509AD7D6}.Debug|Any CPU.ActiveCfg = Debug|Any CPU
		{FA75B64F-39BE-4317-BC41-D884509AD7D6}.Debug|Any CPU.Build.0 = Debug|Any CPU
		{FA75B64F-39BE-4317-BC41-D884509AD7D6}.Release|Any CPU.ActiveCfg = Release|Any CPU
		{FA75B64F-39BE-4317-BC41-D884509AD7D6}.Release|Any CPU.Build.0 = Release|Any CPU
		{9974F37A-48B2-4B2E-80D2-8A731C6CD413}.Debug|Any CPU.ActiveCfg = Debug|Any CPU
		{9974F37A-48B2-4B2E-80D2-8A731C6CD413}.Debug|Any CPU.Build.0 = Debug|Any CPU
		{9974F37A-48B2-4B2E-80D2-8A731C6CD413}.Release|Any CPU.ActiveCfg = Release|Any CPU
		{9974F37A-48B2-4B2E-80D2-8A731C6CD413}.Release|Any CPU.Build.0 = Release|Any CPU
		{529401F8-7323-4743-84E7-53FDDEC65B41}.Debug|Any CPU.ActiveCfg = Debug|Any CPU
		{529401F8-7323-4743-84E7-53FDDEC65B41}.Debug|Any CPU.Build.0 = Debug|Any CPU
		{529401F8-7323-4743-84E7-53FDDEC65B41}.Release|Any CPU.ActiveCfg = Release|Any CPU
		{529401F8-7323-4743-84E7-53FDDEC65B41}.Release|Any CPU.Build.0 = Release|Any CPU
	EndGlobalSection
	GlobalSection(SolutionProperties) = preSolution
		HideSolutionNode = FALSE
	EndGlobalSection
	GlobalSection(ExtensibilityGlobals) = postSolution
		SolutionGuid = {6FA54C52-775D-4F48-9F25-9509CC8655CB}
	EndGlobalSection
EndGlobal
